
Microsoft Visual Studio Solution File, Format Version 12.00
# Visual Studio 15
Project("{FAE04EC0-301F-11D3-BF4B-00C04F79EFBC}") = "Assembly-CSharp", "Assembly-CSharp.csproj", "{88E5C736-9BAF-4755-D3EE-5026D245258E}"
EndProject
Global
	GlobalSection(SolutionConfigurationPlatforms) = preSolution
		Debug|Any CPU = Debug|Any CPU
		Release|Any CPU = Release|Any CPU
	EndGlobalSection
	GlobalSection(ProjectConfigurationPlatforms) = postSolution
		{88E5C736-9BAF-4755-D3EE-5026D245258E}.Debug|Any CPU.ActiveCfg = Debug|Any CPU
		{88E5C736-9BAF-4755-D3EE-5026D245258E}.Debug|Any CPU.Build.0 = Debug|Any CPU
		{88E5C736-9BAF-4755-D3EE-5026D245258E}.Release|Any CPU.ActiveCfg = Release|Any CPU
		{88E5C736-9BAF-4755-D3EE-5026D245258E}.Release|Any CPU.Build.0 = Release|Any CPU
	EndGlobalSection
	GlobalSection(SolutionProperties) = preSolution
		HideSolutionNode = FALSE
	EndGlobalSection
EndGlobal
